
Microsoft Visual Studio Solution File, Format Version 12.00
# Visual Studio 2013
VisualStudioVersion = 12.0.31101.0
MinimumVisualStudioVersion = 10.0.40219.1
Project("{9092AA53-FB77-4645-B42D-1CCCA6BD08BD}") = "Arkanoid", "Arkanoid.njsproj", "{D4384592-F985-478B-A9C6-4CA8C067DF1D}"
EndProject
Global
	GlobalSection(SolutionConfigurationPlatforms) = preSolution
		Debug|Any CPU = Debug|Any CPU
		Release|Any CPU = Release|Any CPU
	EndGlobalSection
	GlobalSection(ProjectConfigurationPlatforms) = postSolution
		{D4384592-F985-478B-A9C6-4CA8C067DF1D}.Debug|Any CPU.ActiveCfg = Debug|Any CPU
		{D4384592-F985-478B-A9C6-4CA8C067DF1D}.Debug|Any CPU.Build.0 = Debug|Any CPU
		{D4384592-F985-478B-A9C6-4CA8C067DF1D}.Release|Any CPU.ActiveCfg = Release|Any CPU
		{D4384592-F985-478B-A9C6-4CA8C067DF1D}.Release|Any CPU.Build.0 = Release|Any CPU
	EndGlobalSection
	GlobalSection(SolutionProperties) = preSolution
		HideSolutionNode = FALSE
	EndGlobalSection
EndGlobal
